{
  "version": 4,
  "terraform_version": "1.5.2",
  "serial": 32,
  "lineage": "27e16f0f-61e3-e3e1-aa4c-fc1ac4d753ff",
  "outputs": {},
  "resources": [
    {
      "mode": "data",
      "type": "azurerm_resource_group",
      "name": "TR01",
      "provider": "provider[\"registry.terraform.io/hashicorp/azurerm\"]",
      "instances": [
        {
          "schema_version": 0,
          "attributes": {
            "id": "/subscriptions/1988e0e4-7595-4e9a-91cb-242d277198f0/resourceGroups/rg-TR01-EastUS",
            "location": "eastus",
            "name": "rg-TR01-EastUS",
            "tags": {},
            "timeouts": null
          },
          "sensitive_attributes": []
        }
      ]
    },
    {
      "module": "module.ApiConnection",
      "mode": "data",
      "type": "azurerm_managed_api",
      "name": "managed_api",
      "provider": "provider[\"registry.terraform.io/hashicorp/azurerm\"]",
      "instances": [
        {
          "schema_version": 0,
          "attributes": {
            "id": "/subscriptions/1988e0e4-7595-4e9a-91cb-242d277198f0/providers/Microsoft.Web/locations/eastus/managedApis/servicebus",
            "location": "eastus",
            "name": "servicebus",
            "tags": {},
            "timeouts": null
          },
          "sensitive_attributes": []
        }
      ]
    },
    {
      "module": "module.ApiConnection",
      "mode": "managed",
      "type": "azurerm_api_connection",
      "name": "api_connection",
      "provider": "provider[\"registry.terraform.io/hashicorp/azurerm\"]",
      "instances": [
        {
          "schema_version": 0,
          "attributes": {
            "display_name": "Example 1",
            "id": "/subscriptions/1988e0e4-7595-4e9a-91cb-242d277198f0/resourceGroups/rg-TR01-EastUS/providers/Microsoft.Web/connections/example-connection-01",
            "managed_api_id": "/subscriptions/1988e0e4-7595-4e9a-91cb-242d277198f0/providers/Microsoft.Web/locations/eastus/managedApis/servicebus",
            "name": "example-connection-01",
            "parameter_values": {},
            "resource_group_name": "rg-TR01-EastUS",
            "tags": {
              "environment": "dev",
              "owner": "test"
            },
            "timeouts": null
          },
          "sensitive_attributes": [],
          "private": "eyJlMmJmYjczMC1lY2FhLTExZTYtOGY4OC0zNDM2M2JjN2M0YzAiOnsiY3JlYXRlIjoxODAwMDAwMDAwMDAwLCJkZWxldGUiOjE4MDAwMDAwMDAwMDAsInJlYWQiOjMwMDAwMDAwMDAwMCwidXBkYXRlIjoxODAwMDAwMDAwMDAwfX0=",
          "dependencies": [
            "data.azurerm_resource_group.TR01",
            "module.ApiConnection.azurerm_servicebus_namespace.servicebus_namespace",
            "module.ApiConnection.data.azurerm_managed_api.managed_api"
          ]
        }
      ]
    },
    {
      "module": "module.ApiConnection",
      "mode": "managed",
      "type": "azurerm_servicebus_namespace",
      "name": "servicebus_namespace",
      "provider": "provider[\"registry.terraform.io/hashicorp/azurerm\"]",
      "instances": [
        {
          "schema_version": 1,
          "attributes": {
            "capacity": 0,
            "customer_managed_key": [],
            "default_primary_connection_string": "Endpoint=sb://acctestsbn-conn-example.servicebus.windows.net/;SharedAccessKeyName=RootManageSharedAccessKey;SharedAccessKey=jPPlJO6o9kEuNuiIcwtA6N/iFKyoWDXxb+ASbLnanEg=",
            "default_primary_key": "jPPlJO6o9kEuNuiIcwtA6N/iFKyoWDXxb+ASbLnanEg=",
            "default_secondary_connection_string": "Endpoint=sb://acctestsbn-conn-example.servicebus.windows.net/;SharedAccessKeyName=RootManageSharedAccessKey;SharedAccessKey=ftKb8VUZRx4mHBFWNhCQgAwNFiXh9TLzO+ASbHDmJks=",
            "default_secondary_key": "ftKb8VUZRx4mHBFWNhCQgAwNFiXh9TLzO+ASbHDmJks=",
            "endpoint": "https://acctestsbn-conn-example.servicebus.windows.net:443/",
            "id": "/subscriptions/1988e0e4-7595-4e9a-91cb-242d277198f0/resourceGroups/rg-TR01-EastUS/providers/Microsoft.ServiceBus/namespaces/acctestsbn-conn-example",
            "identity": [],
            "local_auth_enabled": true,
            "location": "eastus",
            "minimum_tls_version": "1.2",
            "name": "acctestsbn-conn-example",
            "public_network_access_enabled": true,
            "resource_group_name": "rg-TR01-EastUS",
            "sku": "Basic",
            "tags": {},
            "timeouts": null,
            "zone_redundant": false
          },
          "sensitive_attributes": [],
          "private": "eyJlMmJmYjczMC1lY2FhLTExZTYtOGY4OC0zNDM2M2JjN2M0YzAiOnsiY3JlYXRlIjoxODAwMDAwMDAwMDAwLCJkZWxldGUiOjE4MDAwMDAwMDAwMDAsInJlYWQiOjMwMDAwMDAwMDAwMCwidXBkYXRlIjoxODAwMDAwMDAwMDAwfSwic2NoZW1hX3ZlcnNpb24iOiIxIn0=",
          "dependencies": [
            "data.azurerm_resource_group.TR01"
          ]
        }
      ]
    },
    {
      "module": "module.AppService",
      "mode": "managed",
      "type": "azurerm_linux_web_app",
      "name": "linux",
      "provider": "provider[\"registry.terraform.io/hashicorp/azurerm\"]",
      "instances": [
        {
          "schema_version": 0,
          "attributes": {
            "app_settings": {},
            "auth_settings": [],
            "auth_settings_v2": [],
            "backup": [],
            "client_affinity_enabled": false,
            "client_certificate_enabled": false,
            "client_certificate_exclusion_paths": "",
            "client_certificate_mode": "Required",
            "connection_string": [],
            "custom_domain_verification_id": "20AB31E3614C0E8E25B71BA0D9995EC63965982AB3DE2BEFDF82194DB1DEBE2F",
            "default_hostname": "linux01app.azurewebsites.net",
            "enabled": true,
            "hosting_environment_id": "",
            "https_only": false,
            "id": "/subscriptions/1988e0e4-7595-4e9a-91cb-242d277198f0/resourceGroups/rg-TR01-EastUS/providers/Microsoft.Web/sites/linux01app",
            "identity": [],
            "key_vault_reference_identity_id": "SystemAssigned",
            "kind": "app,linux",
            "location": "eastus",
            "logs": [],
            "name": "linux01app",
            "outbound_ip_address_list": [
              "52.149.245.253",
              "52.152.193.217",
              "52.152.193.252",
              "52.142.33.149",
              "52.152.194.64",
              "52.152.194.101",
              "20.119.8.42"
            ],
            "outbound_ip_addresses": "52.149.245.253,52.152.193.217,52.152.193.252,52.142.33.149,52.152.194.64,52.152.194.101,20.119.8.42",
            "possible_outbound_ip_address_list": [
              "52.149.245.253",
              "52.152.193.217",
              "52.152.193.252",
              "52.142.33.149",
              "52.152.194.64",
              "52.152.194.101",
              "52.152.194.123",
              "52.152.194.245",
              "52.152.195.213",
              "52.152.196.8",
              "52.152.196.16",
              "52.152.196.36",
              "52.152.196.84",
              "52.152.193.0",
              "52.152.196.89",
              "52.152.196.169",
              "52.152.196.240",
              "52.152.196.246",
              "52.152.197.195",
              "52.152.197.224",
              "52.152.198.7",
              "52.152.198.24",
              "52.152.198.26",
              "52.152.193.174",
              "20.119.8.42"
            ],
            "possible_outbound_ip_addresses": "52.149.245.253,52.152.193.217,52.152.193.252,52.142.33.149,52.152.194.64,52.152.194.101,52.152.194.123,52.152.194.245,52.152.195.213,52.152.196.8,52.152.196.16,52.152.196.36,52.152.196.84,52.152.193.0,52.152.196.89,52.152.196.169,52.152.196.240,52.152.196.246,52.152.197.195,52.152.197.224,52.152.198.7,52.152.198.24,52.152.198.26,52.152.193.174,20.119.8.42",
            "resource_group_name": "rg-TR01-EastUS",
            "service_plan_id": "/subscriptions/1988e0e4-7595-4e9a-91cb-242d277198f0/resourceGroups/rg-TR01-EastUS/providers/Microsoft.Web/serverfarms/appserviceplanutxe61",
            "site_config": [
              {
                "always_on": true,
                "api_definition_url": "",
                "api_management_api_id": "",
                "app_command_line": "",
                "application_stack": [
                  {
                    "docker_image": "",
                    "docker_image_tag": "",
                    "dotnet_version": "",
                    "go_version": "",
                    "java_server": "",
                    "java_server_version": "",
                    "java_version": "",
                    "node_version": "",
                    "php_version": "",
                    "python_version": "",
                    "ruby_version": ""
                  }
                ],
                "auto_heal_enabled": false,
                "auto_heal_setting": [],
                "container_registry_managed_identity_client_id": "",
                "container_registry_use_managed_identity": false,
                "cors": [],
                "default_documents": [
                  "Default.htm",
                  "Default.html",
                  "Default.asp",
                  "index.htm",
                  "index.html",
                  "iisstart.htm",
                  "default.aspx",
                  "index.php",
                  "hostingstart.html"
                ],
                "detailed_error_logging_enabled": false,
                "ftps_state": "Disabled",
                "health_check_eviction_time_in_min": 0,
                "health_check_path": "",
                "http2_enabled": false,
                "ip_restriction": [],
                "linux_fx_version": "",
                "load_balancing_mode": "LeastRequests",
                "local_mysql_enabled": false,
                "managed_pipeline_mode": "Integrated",
                "minimum_tls_version": "1.2",
                "remote_debugging_enabled": false,
                "remote_debugging_version": "VS2019",
                "scm_ip_restriction": [],
                "scm_minimum_tls_version": "1.2",
                "scm_type": "None",
                "scm_use_main_ip_restriction": false,
                "use_32_bit_worker": true,
                "vnet_route_all_enabled": false,
                "websockets_enabled": false,
                "worker_count": 1
              }
            ],
            "site_credential": [
              {
                "name": "$linux01app",
                "password": "CcJqzA5iiBkEe9ilya7Ge2cY6w2ynZ1eCxuBbdfbpAxu4bE3GZPBlgbRXoTp"
              }
            ],
            "sticky_settings": [],
            "storage_account": [],
            "tags": {},
            "timeouts": null,
            "virtual_network_subnet_id": "",
            "zip_deploy_file": ""
          },
          "sensitive_attributes": [],
          "private": "eyJlMmJmYjczMC1lY2FhLTExZTYtOGY4OC0zNDM2M2JjN2M0YzAiOnsiY3JlYXRlIjoxODAwMDAwMDAwMDAwLCJkZWxldGUiOjE4MDAwMDAwMDAwMDAsInJlYWQiOjMwMDAwMDAwMDAwMCwidXBkYXRlIjoxODAwMDAwMDAwMDAwfX0=",
          "dependencies": [
            "data.azurerm_resource_group.TR01",
            "module.AppService.module.AppServicePlan.azurerm_service_plan.service_plan",
            "module.AppService.module.AppServicePlan.module.RandomStringGenerator.random_string.random"
          ]
        }
      ]
    },
    {
      "module": "module.AppService.module.AppServicePlan",
      "mode": "managed",
      "type": "azurerm_service_plan",
      "name": "service_plan",
      "provider": "provider[\"registry.terraform.io/hashicorp/azurerm\"]",
      "instances": [
        {
          "schema_version": 0,
          "attributes": {
            "app_service_environment_id": "",
            "id": "/subscriptions/1988e0e4-7595-4e9a-91cb-242d277198f0/resourceGroups/rg-TR01-EastUS/providers/Microsoft.Web/serverfarms/appserviceplanutxe61",
            "kind": "linux",
            "location": "eastus",
            "maximum_elastic_worker_count": 1,
            "name": "appserviceplanutxe61",
            "os_type": "Linux",
            "per_site_scaling_enabled": false,
            "reserved": true,
            "resource_group_name": "rg-TR01-EastUS",
            "sku_name": "B1",
            "tags": {},
            "timeouts": null,
            "worker_count": 1,
            "zone_balancing_enabled": false
          },
          "sensitive_attributes": [],
          "private": "eyJlMmJmYjczMC1lY2FhLTExZTYtOGY4OC0zNDM2M2JjN2M0YzAiOnsiY3JlYXRlIjozNjAwMDAwMDAwMDAwLCJkZWxldGUiOjM2MDAwMDAwMDAwMDAsInJlYWQiOjMwMDAwMDAwMDAwMCwidXBkYXRlIjozNjAwMDAwMDAwMDAwfX0=",
          "dependencies": [
            "data.azurerm_resource_group.TR01",
            "module.AppService.module.AppServicePlan.module.RandomStringGenerator.random_string.random"
          ]
        }
      ]
    },
    {
      "module": "module.AppService.module.AppServicePlan.module.RandomStringGenerator",
      "mode": "managed",
      "type": "random_string",
      "name": "random",
      "provider": "provider[\"registry.terraform.io/hashicorp/random\"]",
      "instances": [
        {
          "schema_version": 2,
          "attributes": {
            "id": "utxe61",
            "keepers": null,
            "length": 6,
            "lower": true,
            "min_lower": 0,
            "min_numeric": 0,
            "min_special": 0,
            "min_upper": 0,
            "number": true,
            "numeric": true,
            "override_special": null,
            "result": "utxe61",
            "special": false,
            "upper": false
          },
          "sensitive_attributes": []
        }
      ]
    },
    {
      "module": "module.AppServicePlan",
      "mode": "managed",
      "type": "azurerm_service_plan",
      "name": "service_plan",
      "provider": "provider[\"registry.terraform.io/hashicorp/azurerm\"]",
      "instances": [
        {
          "schema_version": 0,
          "attributes": {
            "app_service_environment_id": "",
            "id": "/subscriptions/1988e0e4-7595-4e9a-91cb-242d277198f0/resourceGroups/rg-TR01-EastUS/providers/Microsoft.Web/serverfarms/appserviceplanyscw80",
            "kind": "linux",
            "location": "eastus",
            "maximum_elastic_worker_count": 1,
            "name": "appserviceplanyscw80",
            "os_type": "Linux",
            "per_site_scaling_enabled": false,
            "reserved": true,
            "resource_group_name": "rg-TR01-EastUS",
            "sku_name": "B1",
            "tags": {},
            "timeouts": null,
            "worker_count": 1,
            "zone_balancing_enabled": false
          },
          "sensitive_attributes": [],
          "private": "eyJlMmJmYjczMC1lY2FhLTExZTYtOGY4OC0zNDM2M2JjN2M0YzAiOnsiY3JlYXRlIjozNjAwMDAwMDAwMDAwLCJkZWxldGUiOjM2MDAwMDAwMDAwMDAsInJlYWQiOjMwMDAwMDAwMDAwMCwidXBkYXRlIjozNjAwMDAwMDAwMDAwfX0=",
          "dependencies": [
            "data.azurerm_resource_group.TR01",
            "module.AppServicePlan.module.RandomStringGenerator.random_string.random"
          ]
        }
      ]
    },
    {
      "module": "module.AppServicePlan.module.RandomStringGenerator",
      "mode": "managed",
      "type": "random_string",
      "name": "random",
      "provider": "provider[\"registry.terraform.io/hashicorp/random\"]",
      "instances": [
        {
          "schema_version": 2,
          "attributes": {
            "id": "yscw80",
            "keepers": null,
            "length": 6,
            "lower": true,
            "min_lower": 0,
            "min_numeric": 0,
            "min_special": 0,
            "min_upper": 0,
            "number": true,
            "numeric": true,
            "override_special": null,
            "result": "yscw80",
            "special": false,
            "upper": false
          },
          "sensitive_attributes": []
        }
      ]
    },
    {
      "module": "module.ApplicationInsights",
      "mode": "managed",
      "type": "azurerm_application_insights",
      "name": "application_insights",
      "provider": "provider[\"registry.terraform.io/hashicorp/azurerm\"]",
      "instances": [
        {
          "schema_version": 1,
          "attributes": {
            "app_id": "b801f8e4-0aca-4963-a35d-b5c9fc72f888",
            "application_type": "web",
            "connection_string": "InstrumentationKey=7f1b121e-5fd3-43d6-bbd3-c5530644a5a2;IngestionEndpoint=https://eastus-6.in.applicationinsights.azure.com/;LiveEndpoint=https://eastus.livediagnostics.monitor.azure.com/",
            "daily_data_cap_in_gb": 100,
            "daily_data_cap_notifications_disabled": false,
            "disable_ip_masking": false,
            "force_customer_storage_for_profiler": false,
            "id": "/subscriptions/1988e0e4-7595-4e9a-91cb-242d277198f0/resourceGroups/rg-TR01-EastUS/providers/Microsoft.Insights/components/tf-test-appinsights",
            "instrumentation_key": "7f1b121e-5fd3-43d6-bbd3-c5530644a5a2",
            "internet_ingestion_enabled": true,
            "internet_query_enabled": true,
            "local_authentication_disabled": false,
            "location": "eastus",
            "name": "tf-test-appinsights",
            "resource_group_name": "rg-TR01-EastUS",
            "retention_in_days": 90,
            "sampling_percentage": 100,
            "tags": null,
            "timeouts": null,
            "workspace_id": ""
          },
          "sensitive_attributes": [],
          "private": "eyJlMmJmYjczMC1lY2FhLTExZTYtOGY4OC0zNDM2M2JjN2M0YzAiOnsiY3JlYXRlIjozNjAwMDAwMDAwMDAwLCJkZWxldGUiOjE4MDAwMDAwMDAwMDAsInJlYWQiOjMwMDAwMDAwMDAwMCwidXBkYXRlIjoxODAwMDAwMDAwMDAwfSwic2NoZW1hX3ZlcnNpb24iOiIxIn0=",
          "dependencies": [
            "data.azurerm_resource_group.TR01"
          ]
        }
      ]
    },
    {
      "module": "module.MSSQLServer",
      "mode": "managed",
      "type": "azurerm_mssql_server",
      "name": "mssql_server",
      "provider": "provider[\"registry.terraform.io/hashicorp/azurerm\"]",
      "instances": [
        {
          "schema_version": 0,
          "attributes": {
            "administrator_login": "UserTerminator",
            "administrator_login_password": "admin@123",
            "azuread_administrator": [],
            "connection_policy": "Default",
            "fully_qualified_domain_name": "mssql-1111-rgtr.database.windows.net",
            "id": "/subscriptions/1988e0e4-7595-4e9a-91cb-242d277198f0/resourceGroups/rg-TR01-EastUS/providers/Microsoft.Sql/servers/mssql-1111-rgtr",
            "identity": [],
            "location": "eastus",
            "minimum_tls_version": "1.2",
            "name": "mssql-1111-rgtr",
            "outbound_network_restriction_enabled": false,
            "primary_user_assigned_identity_id": "",
            "public_network_access_enabled": true,
            "resource_group_name": "rg-TR01-EastUS",
            "restorable_dropped_database_ids": [],
            "tags": {},
            "timeouts": null,
            "transparent_data_encryption_key_vault_key_id": "",
            "version": "12.0"
          },
          "sensitive_attributes": [],
          "private": "eyJlMmJmYjczMC1lY2FhLTExZTYtOGY4OC0zNDM2M2JjN2M0YzAiOnsiY3JlYXRlIjozNjAwMDAwMDAwMDAwLCJkZWxldGUiOjM2MDAwMDAwMDAwMDAsInJlYWQiOjMwMDAwMDAwMDAwMCwidXBkYXRlIjozNjAwMDAwMDAwMDAwfX0=",
          "dependencies": [
            "data.azurerm_resource_group.TR01"
          ]
        }
      ]
    },
    {
      "module": "module.ResourceGroup",
      "mode": "managed",
      "type": "azurerm_resource_group",
      "name": "resource_group",
      "provider": "provider[\"registry.terraform.io/hashicorp/azurerm\"]",
      "instances": [
        {
          "schema_version": 0,
          "attributes": {
            "id": "/subscriptions/1988e0e4-7595-4e9a-91cb-242d277198f0/resourceGroups/rg-TR01-EastUS",
            "location": "eastus",
            "name": "rg-TR01-EastUS",
            "tags": {},
            "timeouts": null
          },
          "sensitive_attributes": [],
          "private": "eyJlMmJmYjczMC1lY2FhLTExZTYtOGY4OC0zNDM2M2JjN2M0YzAiOnsiY3JlYXRlIjo1NDAwMDAwMDAwMDAwLCJkZWxldGUiOjU0MDAwMDAwMDAwMDAsInJlYWQiOjMwMDAwMDAwMDAwMCwidXBkYXRlIjo1NDAwMDAwMDAwMDAwfX0="
        }
      ]
    },
    {
      "module": "module.SqlDatabse",
      "mode": "data",
      "type": "azurerm_mssql_server",
      "name": "mssql_server",
      "provider": "provider[\"registry.terraform.io/hashicorp/azurerm\"]",
      "instances": [
        {
          "schema_version": 0,
          "attributes": {
            "administrator_login": "UserTerminator",
            "fully_qualified_domain_name": "mssql-1111-rgtr.database.windows.net",
            "id": "/subscriptions/1988e0e4-7595-4e9a-91cb-242d277198f0/resourceGroups/rg-TR01-EastUS/providers/Microsoft.Sql/servers/mssql-1111-rgtr",
            "identity": [],
            "location": "eastus",
            "name": "mssql-1111-rgtr",
            "resource_group_name": "rg-TR01-EastUS",
            "restorable_dropped_database_ids": [],
            "tags": {},
            "timeouts": null,
            "version": "12.0"
          },
          "sensitive_attributes": []
        }
      ]
    },
    {
      "module": "module.SqlDatabse",
      "mode": "managed",
      "type": "azurerm_mssql_database",
      "name": "mssql_database",
      "provider": "provider[\"registry.terraform.io/hashicorp/azurerm\"]",
      "instances": [
        {
          "schema_version": 1,
          "attributes": {
            "auto_pause_delay_in_minutes": 0,
            "collation": "SQL_Latin1_General_CP1_CI_AS",
            "create_mode": "Default",
            "creation_source_database_id": null,
            "elastic_pool_id": "",
            "geo_backup_enabled": true,
            "id": "/subscriptions/1988e0e4-7595-4e9a-91cb-242d277198f0/resourceGroups/rg-TR01-EastUS/providers/Microsoft.Sql/servers/mssql-1111-rgtr/databases/db-newdb01",
            "import": [],
            "ledger_enabled": false,
            "license_type": "",
            "long_term_retention_policy": [
              {
                "monthly_retention": "PT0S",
                "week_of_year": 1,
                "weekly_retention": "PT0S",
                "yearly_retention": "PT0S"
              }
            ],
            "maintenance_configuration_name": "SQL_Default",
            "max_size_gb": 1,
            "min_capacity": 0,
            "name": "db-newdb01",
            "read_replica_count": 0,
            "read_scale": false,
            "recover_database_id": null,
            "restore_dropped_database_id": null,
            "restore_point_in_time": null,
            "sample_name": null,
            "server_id": "/subscriptions/1988e0e4-7595-4e9a-91cb-242d277198f0/resourceGroups/rg-TR01-EastUS/providers/Microsoft.Sql/servers/mssql-1111-rgtr",
            "short_term_retention_policy": [
              {
                "backup_interval_in_hours": 24,
                "retention_days": 7
              }
            ],
            "sku_name": "Basic",
            "storage_account_type": "Geo",
            "tags": {
              "environment": "dev",
              "owner": "test"
            },
            "threat_detection_policy": [
              {
                "disabled_alerts": [],
                "email_account_admins": "Disabled",
                "email_addresses": [],
                "retention_days": 0,
                "state": "Disabled",
                "storage_account_access_key": "",
                "storage_endpoint": ""
              }
            ],
            "timeouts": null,
            "transparent_data_encryption_enabled": true,
            "zone_redundant": false
          },
          "sensitive_attributes": [],
          "private": "eyJlMmJmYjczMC1lY2FhLTExZTYtOGY4OC0zNDM2M2JjN2M0YzAiOnsiY3JlYXRlIjozNjAwMDAwMDAwMDAwLCJkZWxldGUiOjM2MDAwMDAwMDAwMDAsInJlYWQiOjMwMDAwMDAwMDAwMCwidXBkYXRlIjozNjAwMDAwMDAwMDAwfSwic2NoZW1hX3ZlcnNpb24iOiIxIn0=",
          "dependencies": [
            "data.azurerm_resource_group.TR01",
            "module.SqlDatabse.data.azurerm_mssql_server.mssql_server"
          ]
        }
      ]
    },
    {
      "module": "module.StorageAccount",
      "mode": "managed",
      "type": "azurerm_storage_account",
      "name": "storage_account",
      "provider": "provider[\"registry.terraform.io/hashicorp/azurerm\"]",
      "instances": [
        {
          "schema_version": 3,
          "attributes": {
            "access_tier": "Hot",
            "account_kind": "StorageV2",
            "account_replication_type": "LRS",
            "account_tier": "Standard",
            "allow_nested_items_to_be_public": true,
            "allowed_copy_scope": "",
            "azure_files_authentication": [],
            "blob_properties": [
              {
                "change_feed_enabled": false,
                "change_feed_retention_in_days": 0,
                "container_delete_retention_policy": [],
                "cors_rule": [],
                "default_service_version": "",
                "delete_retention_policy": [],
                "last_access_time_enabled": false,
                "restore_policy": [],
                "versioning_enabled": false
              }
            ],
            "cross_tenant_replication_enabled": true,
            "custom_domain": [],
            "customer_managed_key": [],
            "default_to_oauth_authentication": false,
            "edge_zone": "",
            "enable_https_traffic_only": true,
            "id": "/subscriptions/1988e0e4-7595-4e9a-91cb-242d277198f0/resourceGroups/rg-TR01-EastUS/providers/Microsoft.Storage/storageAccounts/storageaccountvec6ck",
            "identity": [],
            "immutability_policy": [],
            "infrastructure_encryption_enabled": false,
            "is_hns_enabled": false,
            "large_file_share_enabled": null,
            "location": "eastus",
            "min_tls_version": "TLS1_2",
            "name": "storageaccountvec6ck",
            "network_rules": [
              {
                "bypass": [
                  "AzureServices"
                ],
                "default_action": "Allow",
                "ip_rules": [],
                "private_link_access": [],
                "virtual_network_subnet_ids": []
              }
            ],
            "nfsv3_enabled": false,
            "primary_access_key": "VHMBJkWqxJ6mNkvnXIiPkAfxNHDnVk8+4vs1S290Jp9rcM+4JIzvaDLj/z9pIkUli8U8vL0G2taW+AStdSrJcQ==",
            "primary_blob_connection_string": "DefaultEndpointsProtocol=https;BlobEndpoint=https://storageaccountvec6ck.blob.core.windows.net/;AccountName=storageaccountvec6ck;AccountKey=VHMBJkWqxJ6mNkvnXIiPkAfxNHDnVk8+4vs1S290Jp9rcM+4JIzvaDLj/z9pIkUli8U8vL0G2taW+AStdSrJcQ==",
            "primary_blob_endpoint": "https://storageaccountvec6ck.blob.core.windows.net/",
            "primary_blob_host": "storageaccountvec6ck.blob.core.windows.net",
            "primary_connection_string": "DefaultEndpointsProtocol=https;AccountName=storageaccountvec6ck;AccountKey=VHMBJkWqxJ6mNkvnXIiPkAfxNHDnVk8+4vs1S290Jp9rcM+4JIzvaDLj/z9pIkUli8U8vL0G2taW+AStdSrJcQ==;EndpointSuffix=core.windows.net",
            "primary_dfs_endpoint": "https://storageaccountvec6ck.dfs.core.windows.net/",
            "primary_dfs_host": "storageaccountvec6ck.dfs.core.windows.net",
            "primary_file_endpoint": "https://storageaccountvec6ck.file.core.windows.net/",
            "primary_file_host": "storageaccountvec6ck.file.core.windows.net",
            "primary_location": "eastus",
            "primary_queue_endpoint": "https://storageaccountvec6ck.queue.core.windows.net/",
            "primary_queue_host": "storageaccountvec6ck.queue.core.windows.net",
            "primary_table_endpoint": "https://storageaccountvec6ck.table.core.windows.net/",
            "primary_table_host": "storageaccountvec6ck.table.core.windows.net",
            "primary_web_endpoint": "https://storageaccountvec6ck.z13.web.core.windows.net/",
            "primary_web_host": "storageaccountvec6ck.z13.web.core.windows.net",
            "public_network_access_enabled": true,
            "queue_encryption_key_type": "Service",
            "queue_properties": [
              {
                "cors_rule": [],
                "hour_metrics": [
                  {
                    "enabled": true,
                    "include_apis": true,
                    "retention_policy_days": 7,
                    "version": "1.0"
                  }
                ],
                "logging": [
                  {
                    "delete": false,
                    "read": false,
                    "retention_policy_days": 0,
                    "version": "1.0",
                    "write": false
                  }
                ],
                "minute_metrics": [
                  {
                    "enabled": false,
                    "include_apis": false,
                    "retention_policy_days": 0,
                    "version": "1.0"
                  }
                ]
              }
            ],
            "resource_group_name": "rg-TR01-EastUS",
            "routing": [],
            "sas_policy": [],
            "secondary_access_key": "8JEfduD6dEaUP/k7PCFoARcX37hNy5wFijFBaSkFEorayybWwOyxEQkl2X5B/v6fudnLRAGuqH3z+ASt9iDpsw==",
            "secondary_blob_connection_string": "",
            "secondary_blob_endpoint": null,
            "secondary_blob_host": null,
            "secondary_connection_string": "DefaultEndpointsProtocol=https;AccountName=storageaccountvec6ck;AccountKey=8JEfduD6dEaUP/k7PCFoARcX37hNy5wFijFBaSkFEorayybWwOyxEQkl2X5B/v6fudnLRAGuqH3z+ASt9iDpsw==;EndpointSuffix=core.windows.net",
            "secondary_dfs_endpoint": null,
            "secondary_dfs_host": null,
            "secondary_file_endpoint": null,
            "secondary_file_host": null,
            "secondary_location": "",
            "secondary_queue_endpoint": null,
            "secondary_queue_host": null,
            "secondary_table_endpoint": null,
            "secondary_table_host": null,
            "secondary_web_endpoint": null,
            "secondary_web_host": null,
            "sftp_enabled": false,
            "share_properties": [
              {
                "cors_rule": [],
                "retention_policy": [
                  {
                    "days": 7
                  }
                ],
                "smb": []
              }
            ],
            "shared_access_key_enabled": true,
            "static_website": [],
            "table_encryption_key_type": "Service",
            "tags": {
              "environment": "dev",
              "owner": "test"
            },
            "timeouts": null
          },
          "sensitive_attributes": [],
          "private": "eyJlMmJmYjczMC1lY2FhLTExZTYtOGY4OC0zNDM2M2JjN2M0YzAiOnsiY3JlYXRlIjozNjAwMDAwMDAwMDAwLCJkZWxldGUiOjM2MDAwMDAwMDAwMDAsInJlYWQiOjMwMDAwMDAwMDAwMCwidXBkYXRlIjozNjAwMDAwMDAwMDAwfSwic2NoZW1hX3ZlcnNpb24iOiIzIn0=",
          "dependencies": [
            "data.azurerm_resource_group.TR01",
            "module.StorageAccount.module.RandomStringGenerator.random_string.random"
          ]
        }
      ]
    },
    {
      "module": "module.StorageAccount.module.RandomStringGenerator",
      "mode": "managed",
      "type": "random_string",
      "name": "random",
      "provider": "provider[\"registry.terraform.io/hashicorp/random\"]",
      "instances": [
        {
          "schema_version": 2,
          "attributes": {
            "id": "vec6ck",
            "keepers": null,
            "length": 6,
            "lower": true,
            "min_lower": 0,
            "min_numeric": 0,
            "min_special": 0,
            "min_upper": 0,
            "number": true,
            "numeric": true,
            "override_special": null,
            "result": "vec6ck",
            "special": false,
            "upper": false
          },
          "sensitive_attributes": []
        }
      ]
    }
  ],
  "check_results": null
}
