{
  "version": 4,
  "terraform_version": "1.5.2",
  "serial": 9,
  "lineage": "2109080c-2cde-fc63-5278-945f9f9d23d3",
  "outputs": {},
  "resources": [
    {
      "mode": "data",
      "type": "azurerm_resource_group",
      "name": "TR01",
      "provider": "provider[\"registry.terraform.io/hashicorp/azurerm\"]",
      "instances": [
        {
          "schema_version": 0,
          "attributes": {
            "id": "/subscriptions/1988e0e4-7595-4e9a-91cb-242d277198f0/resourceGroups/rg-TR01-EastUS",
            "location": "eastus",
            "name": "rg-TR01-EastUS",
            "tags": {},
            "timeouts": null
          },
          "sensitive_attributes": []
        }
      ]
    },
    {
      "module": "module.AppService",
      "mode": "managed",
      "type": "azurerm_linux_web_app",
      "name": "linux",
      "provider": "provider[\"registry.terraform.io/hashicorp/azurerm\"]",
      "instances": [
        {
          "schema_version": 0,
          "attributes": {
            "app_settings": null,
            "auth_settings": [],
            "auth_settings_v2": [],
            "backup": [],
            "client_affinity_enabled": false,
            "client_certificate_enabled": false,
            "client_certificate_exclusion_paths": "",
            "client_certificate_mode": "Required",
            "connection_string": [],
            "custom_domain_verification_id": "20AB31E3614C0E8E25B71BA0D9995EC63965982AB3DE2BEFDF82194DB1DEBE2F",
            "default_hostname": "linux01app.azurewebsites.net",
            "enabled": true,
            "hosting_environment_id": "",
            "https_only": false,
            "id": "/subscriptions/1988e0e4-7595-4e9a-91cb-242d277198f0/resourceGroups/rg-TR01-EastUS/providers/Microsoft.Web/sites/linux01app",
            "identity": [],
            "key_vault_reference_identity_id": "SystemAssigned",
            "kind": "app,linux",
            "location": "eastus",
            "logs": [],
            "name": "linux01app",
            "outbound_ip_address_list": [
              "20.124.51.21",
              "20.241.128.86",
              "20.124.50.142",
              "20.124.51.200",
              "20.241.128.180",
              "20.241.128.226",
              "20.119.8.41"
            ],
            "outbound_ip_addresses": "20.124.51.21,20.241.128.86,20.124.50.142,20.124.51.200,20.241.128.180,20.241.128.226,20.119.8.41",
            "possible_outbound_ip_address_list": [
              "20.124.51.21",
              "20.241.128.86",
              "20.124.50.142",
              "20.124.51.200",
              "20.241.128.180",
              "20.241.128.226",
              "20.241.128.245",
              "20.241.129.12",
              "20.241.130.165",
              "20.241.131.171",
              "20.241.132.68",
              "20.241.132.90",
              "20.241.132.176",
              "20.241.132.183",
              "20.102.24.89",
              "20.241.133.19",
              "20.241.133.32",
              "20.241.133.88",
              "20.241.133.92",
              "20.241.133.95",
              "20.241.133.182",
              "20.241.133.255",
              "20.241.134.4",
              "20.102.30.105",
              "20.119.8.41"
            ],
            "possible_outbound_ip_addresses": "20.124.51.21,20.241.128.86,20.124.50.142,20.124.51.200,20.241.128.180,20.241.128.226,20.241.128.245,20.241.129.12,20.241.130.165,20.241.131.171,20.241.132.68,20.241.132.90,20.241.132.176,20.241.132.183,20.102.24.89,20.241.133.19,20.241.133.32,20.241.133.88,20.241.133.92,20.241.133.95,20.241.133.182,20.241.133.255,20.241.134.4,20.102.30.105,20.119.8.41",
            "resource_group_name": "rg-TR01-EastUS",
            "service_plan_id": "/subscriptions/1988e0e4-7595-4e9a-91cb-242d277198f0/resourceGroups/rg-TR01-EastUS/providers/Microsoft.Web/serverfarms/appserviceplanp1k0ku",
            "site_config": [
              {
                "always_on": true,
                "api_definition_url": "",
                "api_management_api_id": "",
                "app_command_line": "",
                "application_stack": [
                  {
                    "docker_image": "",
                    "docker_image_tag": "",
                    "dotnet_version": "",
                    "go_version": "",
                    "java_server": "",
                    "java_server_version": "",
                    "java_version": "",
                    "node_version": "",
                    "php_version": "",
                    "python_version": "",
                    "ruby_version": ""
                  }
                ],
                "auto_heal_enabled": false,
                "auto_heal_setting": [],
                "container_registry_managed_identity_client_id": "",
                "container_registry_use_managed_identity": false,
                "cors": [],
                "default_documents": [
                  "Default.htm",
                  "Default.html",
                  "Default.asp",
                  "index.htm",
                  "index.html",
                  "iisstart.htm",
                  "default.aspx",
                  "index.php",
                  "hostingstart.html"
                ],
                "detailed_error_logging_enabled": false,
                "ftps_state": "Disabled",
                "health_check_eviction_time_in_min": 0,
                "health_check_path": "",
                "http2_enabled": false,
                "ip_restriction": [],
                "linux_fx_version": "",
                "load_balancing_mode": "LeastRequests",
                "local_mysql_enabled": false,
                "managed_pipeline_mode": "Integrated",
                "minimum_tls_version": "1.2",
                "remote_debugging_enabled": false,
                "remote_debugging_version": "VS2019",
                "scm_ip_restriction": [],
                "scm_minimum_tls_version": "1.2",
                "scm_type": "None",
                "scm_use_main_ip_restriction": false,
                "use_32_bit_worker": true,
                "vnet_route_all_enabled": false,
                "websockets_enabled": false,
                "worker_count": 1
              }
            ],
            "site_credential": [
              {
                "name": "$linux01app",
                "password": "pnarEPj05A3b4ReH0FbTQx9ToAGu94PCsCpd5zGxPZekdvz1lHvu72emAGtb"
              }
            ],
            "sticky_settings": [],
            "storage_account": [],
            "tags": null,
            "timeouts": null,
            "virtual_network_subnet_id": "",
            "zip_deploy_file": ""
          },
          "sensitive_attributes": [],
          "private": "eyJlMmJmYjczMC1lY2FhLTExZTYtOGY4OC0zNDM2M2JjN2M0YzAiOnsiY3JlYXRlIjoxODAwMDAwMDAwMDAwLCJkZWxldGUiOjE4MDAwMDAwMDAwMDAsInJlYWQiOjMwMDAwMDAwMDAwMCwidXBkYXRlIjoxODAwMDAwMDAwMDAwfX0=",
          "dependencies": [
            "data.azurerm_resource_group.TR01",
            "module.AppService.module.AppServicePlan.azurerm_service_plan.sp",
            "module.AppService.module.AppServicePlan.random_string.random"
          ]
        }
      ]
    },
    {
      "module": "module.AppService.module.AppServicePlan",
      "mode": "managed",
      "type": "azurerm_service_plan",
      "name": "sp",
      "provider": "provider[\"registry.terraform.io/hashicorp/azurerm\"]",
      "instances": [
        {
          "schema_version": 0,
          "attributes": {
            "app_service_environment_id": "",
            "id": "/subscriptions/1988e0e4-7595-4e9a-91cb-242d277198f0/resourceGroups/rg-TR01-EastUS/providers/Microsoft.Web/serverfarms/appserviceplanp1k0ku",
            "kind": "linux",
            "location": "eastus",
            "maximum_elastic_worker_count": 1,
            "name": "appserviceplanp1k0ku",
            "os_type": "Linux",
            "per_site_scaling_enabled": false,
            "reserved": true,
            "resource_group_name": "rg-TR01-EastUS",
            "sku_name": "B1",
            "tags": null,
            "timeouts": null,
            "worker_count": 1,
            "zone_balancing_enabled": false
          },
          "sensitive_attributes": [],
          "private": "eyJlMmJmYjczMC1lY2FhLTExZTYtOGY4OC0zNDM2M2JjN2M0YzAiOnsiY3JlYXRlIjozNjAwMDAwMDAwMDAwLCJkZWxldGUiOjM2MDAwMDAwMDAwMDAsInJlYWQiOjMwMDAwMDAwMDAwMCwidXBkYXRlIjozNjAwMDAwMDAwMDAwfX0=",
          "dependencies": [
            "data.azurerm_resource_group.TR01",
            "module.AppService.module.AppServicePlan.random_string.random"
          ]
        }
      ]
    },
    {
      "module": "module.AppService.module.AppServicePlan",
      "mode": "managed",
      "type": "random_string",
      "name": "random",
      "provider": "provider[\"registry.terraform.io/hashicorp/random\"]",
      "instances": [
        {
          "schema_version": 2,
          "attributes": {
            "id": "p1k0ku",
            "keepers": null,
            "length": 6,
            "lower": true,
            "min_lower": 0,
            "min_numeric": 0,
            "min_special": 0,
            "min_upper": 0,
            "number": true,
            "numeric": true,
            "override_special": null,
            "result": "p1k0ku",
            "special": false,
            "upper": false
          },
          "sensitive_attributes": []
        }
      ]
    },
    {
      "module": "module.ResourceGroup",
      "mode": "managed",
      "type": "azurerm_resource_group",
      "name": "rg",
      "provider": "provider[\"registry.terraform.io/hashicorp/azurerm\"]",
      "instances": [
        {
          "schema_version": 0,
          "attributes": {
            "id": "/subscriptions/1988e0e4-7595-4e9a-91cb-242d277198f0/resourceGroups/rg-TR01-EastUS",
            "location": "eastus",
            "name": "rg-TR01-EastUS",
            "tags": {},
            "timeouts": null
          },
          "sensitive_attributes": [],
          "private": "eyJlMmJmYjczMC1lY2FhLTExZTYtOGY4OC0zNDM2M2JjN2M0YzAiOnsiY3JlYXRlIjo1NDAwMDAwMDAwMDAwLCJkZWxldGUiOjU0MDAwMDAwMDAwMDAsInJlYWQiOjMwMDAwMDAwMDAwMCwidXBkYXRlIjo1NDAwMDAwMDAwMDAwfX0="
        }
      ]
    }
  ],
  "check_results": null
}
