{
  "version": 4,
  "terraform_version": "1.5.2",
  "serial": 19,
  "lineage": "02026a09-fc6b-a8ab-ba37-0c25605b3ef4",
  "outputs": {},
  "resources": [
    {
      "mode": "managed",
      "type": "azurerm_app_service_custom_hostname_binding",
      "name": "res-20",
      "provider": "provider[\"registry.terraform.io/hashicorp/azurerm\"]",
      "instances": [
        {
          "schema_version": 0,
          "attributes": {
            "app_service_name": "app-test2-eastus",
            "hostname": "app-test2-eastus.azurewebsites.net",
            "id": "/subscriptions/1988e0e4-7595-4e9a-91cb-242d277198f0/resourceGroups/rg-priyankadget/providers/Microsoft.Web/sites/app-test2-eastus/hostNameBindings/app-test2-eastus.azurewebsites.net",
            "resource_group_name": "rg-priyankadget",
            "ssl_state": "",
            "thumbprint": "",
            "timeouts": null,
            "virtual_ip": ""
          },
          "sensitive_attributes": [],
          "private": "eyJlMmJmYjczMC1lY2FhLTExZTYtOGY4OC0zNDM2M2JjN2M0YzAiOnsiY3JlYXRlIjoxODAwMDAwMDAwMDAwLCJkZWxldGUiOjE4MDAwMDAwMDAwMDAsInJlYWQiOjMwMDAwMDAwMDAwMCwidXBkYXRlIjoxODAwMDAwMDAwMDAwfSwic2NoZW1hX3ZlcnNpb24iOiIwIn0="
        }
      ]
    },
    {
      "mode": "managed",
      "type": "azurerm_application_insights",
      "name": "res-22",
      "provider": "provider[\"registry.terraform.io/hashicorp/azurerm\"]",
      "instances": [
        {
          "schema_version": 1,
          "attributes": {
            "app_id": "e27f181c-fcb3-4cb8-b0e8-24c0e7485e34",
            "application_type": "web",
            "connection_string": "InstrumentationKey=5bc5c5f2-dc9b-4e25-94f4-e338baebbd2d;IngestionEndpoint=https://eastus-8.in.applicationinsights.azure.com/;LiveEndpoint=https://eastus.livediagnostics.monitor.azure.com/",
            "daily_data_cap_in_gb": 100,
            "daily_data_cap_notifications_disabled": false,
            "disable_ip_masking": false,
            "force_customer_storage_for_profiler": false,
            "id": "/subscriptions/1988e0e4-7595-4e9a-91cb-242d277198f0/resourceGroups/rg-priyankadget/providers/Microsoft.Insights/components/app-test2-eastus",
            "instrumentation_key": "5bc5c5f2-dc9b-4e25-94f4-e338baebbd2d",
            "internet_ingestion_enabled": true,
            "internet_query_enabled": true,
            "local_authentication_disabled": false,
            "location": "eastus",
            "name": "app-test2-eastus",
            "resource_group_name": "rg-priyankadget",
            "retention_in_days": 90,
            "sampling_percentage": 0,
            "tags": {},
            "timeouts": null,
            "workspace_id": "/subscriptions/1988e0e4-7595-4e9a-91cb-242d277198f0/resourceGroups/DefaultResourceGroup-EUS/providers/Microsoft.OperationalInsights/workspaces/DefaultWorkspace-1988e0e4-7595-4e9a-91cb-242d277198f0-EUS"
          },
          "sensitive_attributes": [],
          "private": "eyJlMmJmYjczMC1lY2FhLTExZTYtOGY4OC0zNDM2M2JjN2M0YzAiOnsiY3JlYXRlIjozNjAwMDAwMDAwMDAwLCJkZWxldGUiOjE4MDAwMDAwMDAwMDAsInJlYWQiOjMwMDAwMDAwMDAwMCwidXBkYXRlIjoxODAwMDAwMDAwMDAwfSwic2NoZW1hX3ZlcnNpb24iOiIxIn0="
        }
      ]
    },
    {
      "mode": "managed",
      "type": "azurerm_dev_test_global_vm_shutdown_schedule",
      "name": "res-2",
      "provider": "provider[\"registry.terraform.io/hashicorp/azurerm\"]",
      "instances": [
        {
          "schema_version": 0,
          "attributes": {
            "daily_recurrence_time": "1900",
            "enabled": true,
            "id": "/subscriptions/1988e0e4-7595-4e9a-91cb-242d277198f0/resourceGroups/rg-priyankadget/providers/Microsoft.DevTestLab/schedules/shutdown-computevm-priyankadget",
            "location": "centralindia",
            "notification_settings": [
              {
                "email": "Priyanka.Das@lntinfotech.com",
                "enabled": true,
                "time_in_minutes": 30,
                "webhook_url": ""
              }
            ],
            "tags": {},
            "timeouts": null,
            "timezone": "UTC",
            "virtual_machine_id": "/subscriptions/1988e0e4-7595-4e9a-91cb-242d277198f0/resourceGroups/rg-priyankadget/providers/Microsoft.Compute/virtualMachines/priyankadget"
          },
          "sensitive_attributes": [],
          "private": "eyJlMmJmYjczMC1lY2FhLTExZTYtOGY4OC0zNDM2M2JjN2M0YzAiOnsiY3JlYXRlIjoxODAwMDAwMDAwMDAwLCJkZWxldGUiOjE4MDAwMDAwMDAwMDAsInJlYWQiOjMwMDAwMDAwMDAwMCwidXBkYXRlIjoxODAwMDAwMDAwMDAwfSwic2NoZW1hX3ZlcnNpb24iOiIwIn0="
        }
      ]
    },
    {
      "mode": "managed",
      "type": "azurerm_dns_a_record",
      "name": "res-4",
      "provider": "provider[\"registry.terraform.io/hashicorp/azurerm\"]",
      "instances": [
        {
          "schema_version": 1,
          "attributes": {
            "fqdn": "api.priyankadget.com.",
            "id": "/subscriptions/1988e0e4-7595-4e9a-91cb-242d277198f0/resourceGroups/rg-priyankadget/providers/Microsoft.Network/dnsZones/priyankadget.com/A/api",
            "name": "api",
            "records": [],
            "resource_group_name": "rg-priyankadget",
            "tags": {},
            "target_resource_id": "/subscriptions/1988e0e4-7595-4e9a-91cb-242d277198f0/resourceGroups/rg-priyankadget/providers/Microsoft.Network/publicIPAddresses/priyankadget-ip",
            "timeouts": null,
            "ttl": 3600,
            "zone_name": "priyankadget.com"
          },
          "sensitive_attributes": [],
          "private": "eyJlMmJmYjczMC1lY2FhLTExZTYtOGY4OC0zNDM2M2JjN2M0YzAiOnsiY3JlYXRlIjoxODAwMDAwMDAwMDAwLCJkZWxldGUiOjE4MDAwMDAwMDAwMDAsInJlYWQiOjMwMDAwMDAwMDAwMCwidXBkYXRlIjoxODAwMDAwMDAwMDAwfSwic2NoZW1hX3ZlcnNpb24iOiIxIn0="
        }
      ]
    },
    {
      "mode": "managed",
      "type": "azurerm_dns_ns_record",
      "name": "res-5",
      "provider": "provider[\"registry.terraform.io/hashicorp/azurerm\"]",
      "instances": [
        {
          "schema_version": 1,
          "attributes": {
            "fqdn": "priyankadget.com.",
            "id": "/subscriptions/1988e0e4-7595-4e9a-91cb-242d277198f0/resourceGroups/rg-priyankadget/providers/Microsoft.Network/dnsZones/priyankadget.com/NS/@",
            "name": "@",
            "records": [
              "ns1-09.azure-dns.com.",
              "ns2-09.azure-dns.net.",
              "ns3-09.azure-dns.org.",
              "ns4-09.azure-dns.info."
            ],
            "resource_group_name": "rg-priyankadget",
            "tags": {},
            "timeouts": null,
            "ttl": 172800,
            "zone_name": "priyankadget.com"
          },
          "sensitive_attributes": [],
          "private": "eyJlMmJmYjczMC1lY2FhLTExZTYtOGY4OC0zNDM2M2JjN2M0YzAiOnsiY3JlYXRlIjoxODAwMDAwMDAwMDAwLCJkZWxldGUiOjE4MDAwMDAwMDAwMDAsInJlYWQiOjMwMDAwMDAwMDAwMCwidXBkYXRlIjoxODAwMDAwMDAwMDAwfSwic2NoZW1hX3ZlcnNpb24iOiIxIn0="
        }
      ]
    },
    {
      "mode": "managed",
      "type": "azurerm_dns_zone",
      "name": "res-3",
      "provider": "provider[\"registry.terraform.io/hashicorp/azurerm\"]",
      "instances": [
        {
          "schema_version": 2,
          "attributes": {
            "id": "/subscriptions/1988e0e4-7595-4e9a-91cb-242d277198f0/resourceGroups/rg-priyankadget/providers/Microsoft.Network/dnsZones/priyankadget.com",
            "max_number_of_record_sets": 10000,
            "name": "priyankadget.com",
            "name_servers": [
              "ns1-09.azure-dns.com.",
              "ns2-09.azure-dns.net.",
              "ns3-09.azure-dns.org.",
              "ns4-09.azure-dns.info."
            ],
            "number_of_record_sets": 3,
            "resource_group_name": "rg-priyankadget",
            "soa_record": [
              {
                "email": "azuredns-hostmaster.microsoft.com",
                "expire_time": 2419200,
                "fqdn": "priyankadget.com.",
                "host_name": "ns1-09.azure-dns.com.",
                "minimum_ttl": 300,
                "refresh_time": 3600,
                "retry_time": 300,
                "serial_number": 1,
                "tags": {},
                "ttl": 3600
              }
            ],
            "tags": {},
            "timeouts": null
          },
          "sensitive_attributes": [],
          "private": "eyJlMmJmYjczMC1lY2FhLTExZTYtOGY4OC0zNDM2M2JjN2M0YzAiOnsiY3JlYXRlIjoxODAwMDAwMDAwMDAwLCJkZWxldGUiOjE4MDAwMDAwMDAwMDAsInJlYWQiOjMwMDAwMDAwMDAwMCwidXBkYXRlIjoxODAwMDAwMDAwMDAwfSwic2NoZW1hX3ZlcnNpb24iOiIyIn0="
        }
      ]
    },
    {
      "mode": "managed",
      "type": "azurerm_monitor_smart_detector_alert_rule",
      "name": "res-21",
      "provider": "provider[\"registry.terraform.io/hashicorp/azurerm\"]",
      "instances": [
        {
          "schema_version": 1,
          "attributes": {
            "action_group": [
              {
                "email_subject": "",
                "ids": [
                  "/subscriptions/1988e0e4-7595-4e9a-91cb-242d277198f0/resourcegroups/rg-tr/providers/microsoft.insights/actiongroups/application insights smart detection"
                ],
                "webhook_payload": ""
              }
            ],
            "description": "Failure Anomalies notifies you of an unusual rise in the rate of failed HTTP requests or dependency calls.",
            "detector_type": "FailureAnomaliesDetector",
            "enabled": true,
            "frequency": "PT1M",
            "id": "/subscriptions/1988e0e4-7595-4e9a-91cb-242d277198f0/resourceGroups/rg-priyankadget/providers/Microsoft.AlertsManagement/smartDetectorAlertRules/Failure Anomalies - app-test2-eastus",
            "name": "Failure Anomalies - app-test2-eastus",
            "resource_group_name": "rg-priyankadget",
            "scope_resource_ids": [
              "/subscriptions/1988e0e4-7595-4e9a-91cb-242d277198f0/resourcegroups/rg-priyankadget/providers/microsoft.insights/components/app-test2-eastus"
            ],
            "severity": "Sev3",
            "tags": {},
            "throttling_duration": "",
            "timeouts": null
          },
          "sensitive_attributes": [],
          "private": "eyJlMmJmYjczMC1lY2FhLTExZTYtOGY4OC0zNDM2M2JjN2M0YzAiOnsiY3JlYXRlIjoxODAwMDAwMDAwMDAwLCJkZWxldGUiOjE4MDAwMDAwMDAwMDAsInJlYWQiOjMwMDAwMDAwMDAwMCwidXBkYXRlIjoxODAwMDAwMDAwMDAwfSwic2NoZW1hX3ZlcnNpb24iOiIxIn0="
        }
      ]
    },
    {
      "mode": "managed",
      "type": "azurerm_network_interface",
      "name": "res-7",
      "provider": "provider[\"registry.terraform.io/hashicorp/azurerm\"]",
      "instances": [
        {
          "schema_version": 0,
          "attributes": {
            "applied_dns_servers": [],
            "dns_servers": [],
            "edge_zone": "",
            "enable_accelerated_networking": false,
            "enable_ip_forwarding": false,
            "id": "/subscriptions/1988e0e4-7595-4e9a-91cb-242d277198f0/resourceGroups/rg-priyankadget/providers/Microsoft.Network/networkInterfaces/priyankadget443",
            "internal_dns_name_label": "",
            "internal_domain_name_suffix": "",
            "ip_configuration": [
              {
                "gateway_load_balancer_frontend_ip_configuration_id": "",
                "name": "ipconfig1",
                "primary": true,
                "private_ip_address": "10.0.0.4",
                "private_ip_address_allocation": "Dynamic",
                "private_ip_address_version": "IPv4",
                "public_ip_address_id": "/subscriptions/1988e0e4-7595-4e9a-91cb-242d277198f0/resourceGroups/rg-priyankadget/providers/Microsoft.Network/publicIPAddresses/priyankadget-ip",
                "subnet_id": "/subscriptions/1988e0e4-7595-4e9a-91cb-242d277198f0/resourceGroups/rg-priyankadget/providers/Microsoft.Network/virtualNetworks/priyankadget-vnet/subnets/default"
              }
            ],
            "location": "centralindia",
            "mac_address": "60-45-BD-AE-93-E5",
            "name": "priyankadget443",
            "private_ip_address": "10.0.0.4",
            "private_ip_addresses": [
              "10.0.0.4"
            ],
            "resource_group_name": "rg-priyankadget",
            "tags": {},
            "timeouts": null,
            "virtual_machine_id": "/subscriptions/1988e0e4-7595-4e9a-91cb-242d277198f0/resourceGroups/rg-priyankadget/providers/Microsoft.Compute/virtualMachines/priyankadget"
          },
          "sensitive_attributes": [],
          "private": "eyJlMmJmYjczMC1lY2FhLTExZTYtOGY4OC0zNDM2M2JjN2M0YzAiOnsiY3JlYXRlIjoxODAwMDAwMDAwMDAwLCJkZWxldGUiOjE4MDAwMDAwMDAwMDAsInJlYWQiOjMwMDAwMDAwMDAwMCwidXBkYXRlIjoxODAwMDAwMDAwMDAwfSwic2NoZW1hX3ZlcnNpb24iOiIwIn0="
        }
      ]
    },
    {
      "mode": "managed",
      "type": "azurerm_network_interface_security_group_association",
      "name": "res-8",
      "provider": "provider[\"registry.terraform.io/hashicorp/azurerm\"]",
      "instances": [
        {
          "schema_version": 0,
          "attributes": {
            "id": "/subscriptions/1988e0e4-7595-4e9a-91cb-242d277198f0/resourceGroups/rg-priyankadget/providers/Microsoft.Network/networkInterfaces/priyankadget443|/subscriptions/1988e0e4-7595-4e9a-91cb-242d277198f0/resourceGroups/rg-priyankadget/providers/Microsoft.Network/networkSecurityGroups/priyankadget-nsg",
            "network_interface_id": "/subscriptions/1988e0e4-7595-4e9a-91cb-242d277198f0/resourceGroups/rg-priyankadget/providers/Microsoft.Network/networkInterfaces/priyankadget443",
            "network_security_group_id": "/subscriptions/1988e0e4-7595-4e9a-91cb-242d277198f0/resourceGroups/rg-priyankadget/providers/Microsoft.Network/networkSecurityGroups/priyankadget-nsg",
            "timeouts": null
          },
          "sensitive_attributes": [],
          "private": "eyJlMmJmYjczMC1lY2FhLTExZTYtOGY4OC0zNDM2M2JjN2M0YzAiOnsiY3JlYXRlIjoxODAwMDAwMDAwMDAwLCJkZWxldGUiOjE4MDAwMDAwMDAwMDAsInJlYWQiOjMwMDAwMDAwMDAwMCwidXBkYXRlIjoxODAwMDAwMDAwMDAwfSwic2NoZW1hX3ZlcnNpb24iOiIwIn0="
        }
      ]
    },
    {
      "mode": "managed",
      "type": "azurerm_network_security_group",
      "name": "res-9",
      "provider": "provider[\"registry.terraform.io/hashicorp/azurerm\"]",
      "instances": [
        {
          "schema_version": 0,
          "attributes": {
            "id": "/subscriptions/1988e0e4-7595-4e9a-91cb-242d277198f0/resourceGroups/rg-priyankadget/providers/Microsoft.Network/networkSecurityGroups/priyankadget-nsg",
            "location": "centralindia",
            "name": "priyankadget-nsg",
            "resource_group_name": "rg-priyankadget",
            "security_rule": [
              {
                "access": "Allow",
                "description": "",
                "destination_address_prefix": "*",
                "destination_address_prefixes": [],
                "destination_application_security_group_ids": [],
                "destination_port_range": "3389",
                "destination_port_ranges": [],
                "direction": "Inbound",
                "name": "RDP",
                "priority": 300,
                "protocol": "Tcp",
                "source_address_prefix": "*",
                "source_address_prefixes": [],
                "source_application_security_group_ids": [],
                "source_port_range": "*",
                "source_port_ranges": []
              },
              {
                "access": "Allow",
                "description": "",
                "destination_address_prefix": "*",
                "destination_address_prefixes": [],
                "destination_application_security_group_ids": [],
                "destination_port_range": "80",
                "destination_port_ranges": [],
                "direction": "Inbound",
                "name": "AllowAnyHTTPInbound",
                "priority": 320,
                "protocol": "Tcp",
                "source_address_prefix": "*",
                "source_address_prefixes": [],
                "source_application_security_group_ids": [],
                "source_port_range": "*",
                "source_port_ranges": []
              },
              {
                "access": "Allow",
                "description": "to run strapi",
                "destination_address_prefix": "*",
                "destination_address_prefixes": [],
                "destination_application_security_group_ids": [],
                "destination_port_range": "1337",
                "destination_port_ranges": [],
                "direction": "Inbound",
                "name": "AllowAnyCustom1337Inbound",
                "priority": 330,
                "protocol": "Tcp",
                "source_address_prefix": "*",
                "source_address_prefixes": [],
                "source_application_security_group_ids": [],
                "source_port_range": "*",
                "source_port_ranges": []
              }
            ],
            "tags": {},
            "timeouts": null
          },
          "sensitive_attributes": [],
          "private": "eyJlMmJmYjczMC1lY2FhLTExZTYtOGY4OC0zNDM2M2JjN2M0YzAiOnsiY3JlYXRlIjoxODAwMDAwMDAwMDAwLCJkZWxldGUiOjE4MDAwMDAwMDAwMDAsInJlYWQiOjMwMDAwMDAwMDAwMCwidXBkYXRlIjoxODAwMDAwMDAwMDAwfSwic2NoZW1hX3ZlcnNpb24iOiIwIn0="
        }
      ]
    },
    {
      "mode": "managed",
      "type": "azurerm_network_security_rule",
      "name": "res-10",
      "provider": "provider[\"registry.terraform.io/hashicorp/azurerm\"]",
      "instances": [
        {
          "schema_version": 0,
          "attributes": {
            "access": "Allow",
            "description": "to run strapi",
            "destination_address_prefix": "*",
            "destination_address_prefixes": [],
            "destination_application_security_group_ids": [],
            "destination_port_range": "1337",
            "destination_port_ranges": [],
            "direction": "Inbound",
            "id": "/subscriptions/1988e0e4-7595-4e9a-91cb-242d277198f0/resourceGroups/rg-priyankadget/providers/Microsoft.Network/networkSecurityGroups/priyankadget-nsg/securityRules/AllowAnyCustom1337Inbound",
            "name": "AllowAnyCustom1337Inbound",
            "network_security_group_name": "priyankadget-nsg",
            "priority": 330,
            "protocol": "Tcp",
            "resource_group_name": "rg-priyankadget",
            "source_address_prefix": "*",
            "source_address_prefixes": [],
            "source_application_security_group_ids": [],
            "source_port_range": "*",
            "source_port_ranges": [],
            "timeouts": null
          },
          "sensitive_attributes": [],
          "private": "eyJlMmJmYjczMC1lY2FhLTExZTYtOGY4OC0zNDM2M2JjN2M0YzAiOnsiY3JlYXRlIjoxODAwMDAwMDAwMDAwLCJkZWxldGUiOjE4MDAwMDAwMDAwMDAsInJlYWQiOjMwMDAwMDAwMDAwMCwidXBkYXRlIjoxODAwMDAwMDAwMDAwfSwic2NoZW1hX3ZlcnNpb24iOiIwIn0="
        }
      ]
    },
    {
      "mode": "managed",
      "type": "azurerm_network_security_rule",
      "name": "res-11",
      "provider": "provider[\"registry.terraform.io/hashicorp/azurerm\"]",
      "instances": [
        {
          "schema_version": 0,
          "attributes": {
            "access": "Allow",
            "description": "",
            "destination_address_prefix": "*",
            "destination_address_prefixes": [],
            "destination_application_security_group_ids": [],
            "destination_port_range": "80",
            "destination_port_ranges": [],
            "direction": "Inbound",
            "id": "/subscriptions/1988e0e4-7595-4e9a-91cb-242d277198f0/resourceGroups/rg-priyankadget/providers/Microsoft.Network/networkSecurityGroups/priyankadget-nsg/securityRules/AllowAnyHTTPInbound",
            "name": "AllowAnyHTTPInbound",
            "network_security_group_name": "priyankadget-nsg",
            "priority": 320,
            "protocol": "Tcp",
            "resource_group_name": "rg-priyankadget",
            "source_address_prefix": "*",
            "source_address_prefixes": [],
            "source_application_security_group_ids": [],
            "source_port_range": "*",
            "source_port_ranges": [],
            "timeouts": null
          },
          "sensitive_attributes": [],
          "private": "eyJlMmJmYjczMC1lY2FhLTExZTYtOGY4OC0zNDM2M2JjN2M0YzAiOnsiY3JlYXRlIjoxODAwMDAwMDAwMDAwLCJkZWxldGUiOjE4MDAwMDAwMDAwMDAsInJlYWQiOjMwMDAwMDAwMDAwMCwidXBkYXRlIjoxODAwMDAwMDAwMDAwfSwic2NoZW1hX3ZlcnNpb24iOiIwIn0="
        }
      ]
    },
    {
      "mode": "managed",
      "type": "azurerm_network_security_rule",
      "name": "res-12",
      "provider": "provider[\"registry.terraform.io/hashicorp/azurerm\"]",
      "instances": [
        {
          "schema_version": 0,
          "attributes": {
            "access": "Allow",
            "description": "",
            "destination_address_prefix": "*",
            "destination_address_prefixes": [],
            "destination_application_security_group_ids": [],
            "destination_port_range": "3389",
            "destination_port_ranges": [],
            "direction": "Inbound",
            "id": "/subscriptions/1988e0e4-7595-4e9a-91cb-242d277198f0/resourceGroups/rg-priyankadget/providers/Microsoft.Network/networkSecurityGroups/priyankadget-nsg/securityRules/RDP",
            "name": "RDP",
            "network_security_group_name": "priyankadget-nsg",
            "priority": 300,
            "protocol": "Tcp",
            "resource_group_name": "rg-priyankadget",
            "source_address_prefix": "*",
            "source_address_prefixes": [],
            "source_application_security_group_ids": [],
            "source_port_range": "*",
            "source_port_ranges": [],
            "timeouts": null
          },
          "sensitive_attributes": [],
          "private": "eyJlMmJmYjczMC1lY2FhLTExZTYtOGY4OC0zNDM2M2JjN2M0YzAiOnsiY3JlYXRlIjoxODAwMDAwMDAwMDAwLCJkZWxldGUiOjE4MDAwMDAwMDAwMDAsInJlYWQiOjMwMDAwMDAwMDAwMCwidXBkYXRlIjoxODAwMDAwMDAwMDAwfSwic2NoZW1hX3ZlcnNpb24iOiIwIn0="
        }
      ]
    },
    {
      "mode": "managed",
      "type": "azurerm_public_ip",
      "name": "res-13",
      "provider": "provider[\"registry.terraform.io/hashicorp/azurerm\"]",
      "instances": [
        {
          "schema_version": 0,
          "attributes": {
            "allocation_method": "Static",
            "ddos_protection_mode": "VirtualNetworkInherited",
            "ddos_protection_plan_id": null,
            "domain_name_label": "strapi",
            "edge_zone": "",
            "fqdn": "strapi.centralindia.cloudapp.azure.com",
            "id": "/subscriptions/1988e0e4-7595-4e9a-91cb-242d277198f0/resourceGroups/rg-priyankadget/providers/Microsoft.Network/publicIPAddresses/priyankadget-ip",
            "idle_timeout_in_minutes": 4,
            "ip_address": "20.193.238.36",
            "ip_tags": {},
            "ip_version": "IPv4",
            "location": "centralindia",
            "name": "priyankadget-ip",
            "public_ip_prefix_id": null,
            "resource_group_name": "rg-priyankadget",
            "reverse_fqdn": "",
            "sku": "Standard",
            "sku_tier": "Regional",
            "tags": {},
            "timeouts": null,
            "zones": []
          },
          "sensitive_attributes": [],
          "private": "eyJlMmJmYjczMC1lY2FhLTExZTYtOGY4OC0zNDM2M2JjN2M0YzAiOnsiY3JlYXRlIjoxODAwMDAwMDAwMDAwLCJkZWxldGUiOjE4MDAwMDAwMDAwMDAsInJlYWQiOjMwMDAwMDAwMDAwMCwidXBkYXRlIjoxODAwMDAwMDAwMDAwfSwic2NoZW1hX3ZlcnNpb24iOiIwIn0="
        }
      ]
    },
    {
      "mode": "managed",
      "type": "azurerm_resource_group",
      "name": "res-0",
      "provider": "provider[\"registry.terraform.io/hashicorp/azurerm\"]",
      "instances": [
        {
          "schema_version": 0,
          "attributes": {
            "id": "/subscriptions/1988e0e4-7595-4e9a-91cb-242d277198f0/resourceGroups/rg-priyankadget",
            "location": "eastus",
            "name": "rg-priyankadget",
            "tags": {},
            "timeouts": null
          },
          "sensitive_attributes": [],
          "private": "eyJlMmJmYjczMC1lY2FhLTExZTYtOGY4OC0zNDM2M2JjN2M0YzAiOnsiY3JlYXRlIjo1NDAwMDAwMDAwMDAwLCJkZWxldGUiOjU0MDAwMDAwMDAwMDAsInJlYWQiOjMwMDAwMDAwMDAwMCwidXBkYXRlIjo1NDAwMDAwMDAwMDAwfSwic2NoZW1hX3ZlcnNpb24iOiIwIn0="
        }
      ]
    },
    {
      "mode": "managed",
      "type": "azurerm_subnet",
      "name": "res-15",
      "provider": "provider[\"registry.terraform.io/hashicorp/azurerm\"]",
      "instances": [
        {
          "schema_version": 0,
          "attributes": {
            "address_prefixes": [
              "10.0.0.0/24"
            ],
            "delegation": [],
            "enforce_private_link_endpoint_network_policies": true,
            "enforce_private_link_service_network_policies": false,
            "id": "/subscriptions/1988e0e4-7595-4e9a-91cb-242d277198f0/resourceGroups/rg-priyankadget/providers/Microsoft.Network/virtualNetworks/priyankadget-vnet/subnets/default",
            "name": "default",
            "private_endpoint_network_policies_enabled": false,
            "private_link_service_network_policies_enabled": true,
            "resource_group_name": "rg-priyankadget",
            "service_endpoint_policy_ids": [],
            "service_endpoints": [],
            "timeouts": null,
            "virtual_network_name": "priyankadget-vnet"
          },
          "sensitive_attributes": [],
          "private": "eyJlMmJmYjczMC1lY2FhLTExZTYtOGY4OC0zNDM2M2JjN2M0YzAiOnsiY3JlYXRlIjoxODAwMDAwMDAwMDAwLCJkZWxldGUiOjE4MDAwMDAwMDAwMDAsInJlYWQiOjMwMDAwMDAwMDAwMCwidXBkYXRlIjoxODAwMDAwMDAwMDAwfSwic2NoZW1hX3ZlcnNpb24iOiIwIn0="
        }
      ]
    },
    {
      "mode": "managed",
      "type": "azurerm_virtual_network",
      "name": "res-14",
      "provider": "provider[\"registry.terraform.io/hashicorp/azurerm\"]",
      "instances": [
        {
          "schema_version": 0,
          "attributes": {
            "address_space": [
              "10.0.0.0/16"
            ],
            "bgp_community": "",
            "ddos_protection_plan": [],
            "dns_servers": [],
            "edge_zone": "",
            "flow_timeout_in_minutes": 0,
            "guid": "93cbd21d-5abb-4757-8f82-b2af74b763bc",
            "id": "/subscriptions/1988e0e4-7595-4e9a-91cb-242d277198f0/resourceGroups/rg-priyankadget/providers/Microsoft.Network/virtualNetworks/priyankadget-vnet",
            "location": "centralindia",
            "name": "priyankadget-vnet",
            "resource_group_name": "rg-priyankadget",
            "subnet": [
              {
                "address_prefix": "10.0.0.0/24",
                "id": "/subscriptions/1988e0e4-7595-4e9a-91cb-242d277198f0/resourceGroups/rg-priyankadget/providers/Microsoft.Network/virtualNetworks/priyankadget-vnet/subnets/default",
                "name": "default",
                "security_group": ""
              }
            ],
            "tags": {},
            "timeouts": null
          },
          "sensitive_attributes": [],
          "private": "eyJlMmJmYjczMC1lY2FhLTExZTYtOGY4OC0zNDM2M2JjN2M0YzAiOnsiY3JlYXRlIjoxODAwMDAwMDAwMDAwLCJkZWxldGUiOjE4MDAwMDAwMDAwMDAsInJlYWQiOjMwMDAwMDAwMDAwMCwidXBkYXRlIjoxODAwMDAwMDAwMDAwfSwic2NoZW1hX3ZlcnNpb24iOiIwIn0="
        }
      ]
    },
    {
      "mode": "managed",
      "type": "azurerm_windows_virtual_machine",
      "name": "res-1",
      "provider": "provider[\"registry.terraform.io/hashicorp/azurerm\"]",
      "instances": [
        {
          "schema_version": 0,
          "attributes": {
            "additional_capabilities": [],
            "additional_unattend_content": [],
            "admin_password": "ignored-as-imported",
            "admin_username": "priyankastro",
            "allow_extension_operations": true,
            "availability_set_id": "",
            "boot_diagnostics": [
              {
                "storage_account_uri": ""
              }
            ],
            "capacity_reservation_group_id": "",
            "computer_name": "priyankadget",
            "custom_data": null,
            "dedicated_host_group_id": "",
            "dedicated_host_id": "",
            "edge_zone": "",
            "enable_automatic_updates": true,
            "encryption_at_host_enabled": false,
            "eviction_policy": "",
            "extensions_time_budget": "PT1H30M",
            "gallery_application": [],
            "hotpatching_enabled": false,
            "id": "/subscriptions/1988e0e4-7595-4e9a-91cb-242d277198f0/resourceGroups/rg-priyankadget/providers/Microsoft.Compute/virtualMachines/priyankadget",
            "identity": [],
            "license_type": "",
            "location": "centralindia",
            "max_bid_price": -1,
            "name": "priyankadget",
            "network_interface_ids": [
              "/subscriptions/1988e0e4-7595-4e9a-91cb-242d277198f0/resourceGroups/rg-priyankadget/providers/Microsoft.Network/networkInterfaces/priyankadget443"
            ],
            "os_disk": [
              {
                "caching": "ReadWrite",
                "diff_disk_settings": [],
                "disk_encryption_set_id": "",
                "disk_size_gb": 127,
                "name": "priyankadget_OsDisk_1_93c269e9342f4ed5b283043f2bdf6a9e",
                "secure_vm_disk_encryption_set_id": "",
                "security_encryption_type": "",
                "storage_account_type": "StandardSSD_LRS",
                "write_accelerator_enabled": false
              }
            ],
            "patch_assessment_mode": "ImageDefault",
            "patch_mode": "AutomaticByOS",
            "plan": [],
            "platform_fault_domain": -1,
            "priority": "Regular",
            "private_ip_address": "10.0.0.4",
            "private_ip_addresses": [
              "10.0.0.4"
            ],
            "provision_vm_agent": true,
            "proximity_placement_group_id": "",
            "public_ip_address": "20.193.238.36",
            "public_ip_addresses": [
              "20.193.238.36"
            ],
            "resource_group_name": "rg-priyankadget",
            "secret": [],
            "secure_boot_enabled": false,
            "size": "Standard_B2s",
            "source_image_id": "",
            "source_image_reference": [
              {
                "offer": "WindowsServer",
                "publisher": "MicrosoftWindowsServer",
                "sku": "2022-datacenter-azure-edition",
                "version": "latest"
              }
            ],
            "tags": {},
            "termination_notification": [],
            "timeouts": null,
            "timezone": "",
            "user_data": "",
            "virtual_machine_id": "bf08f789-637c-4be9-b1a3-9dfd0d5357f6",
            "virtual_machine_scale_set_id": "",
            "vtpm_enabled": false,
            "winrm_listener": [],
            "zone": ""
          },
          "sensitive_attributes": [],
          "private": "eyJlMmJmYjczMC1lY2FhLTExZTYtOGY4OC0zNDM2M2JjN2M0YzAiOnsiY3JlYXRlIjoyNzAwMDAwMDAwMDAwLCJkZWxldGUiOjI3MDAwMDAwMDAwMDAsInJlYWQiOjMwMDAwMDAwMDAwMCwidXBkYXRlIjoyNzAwMDAwMDAwMDAwfSwic2NoZW1hX3ZlcnNpb24iOiIwIn0="
        }
      ]
    },
    {
      "mode": "managed",
      "type": "azurerm_windows_web_app",
      "name": "res-16",
      "provider": "provider[\"registry.terraform.io/hashicorp/azurerm\"]",
      "instances": [
        {
          "schema_version": 0,
          "attributes": {
            "app_settings": {
              "APPINSIGHTS_INSTRUMENTATIONKEY": "5bc5c5f2-dc9b-4e25-94f4-e338baebbd2d",
              "APPLICATIONINSIGHTS_CONNECTION_STRING": "InstrumentationKey=5bc5c5f2-dc9b-4e25-94f4-e338baebbd2d;IngestionEndpoint=https://eastus-8.in.applicationinsights.azure.com/;LiveEndpoint=https://eastus.livediagnostics.monitor.azure.com/",
              "ApplicationInsightsAgent_EXTENSION_VERSION": "~3",
              "XDT_MicrosoftApplicationInsights_Mode": "Recommended"
            },
            "auth_settings": [],
            "auth_settings_v2": [],
            "backup": [],
            "client_affinity_enabled": true,
            "client_certificate_enabled": false,
            "client_certificate_exclusion_paths": "",
            "client_certificate_mode": "Required",
            "connection_string": [],
            "custom_domain_verification_id": "20AB31E3614C0E8E25B71BA0D9995EC63965982AB3DE2BEFDF82194DB1DEBE2F",
            "default_hostname": "app-test2-eastus.azurewebsites.net",
            "enabled": true,
            "hosting_environment_id": "",
            "https_only": true,
            "id": "/subscriptions/1988e0e4-7595-4e9a-91cb-242d277198f0/resourceGroups/rg-priyankadget/providers/Microsoft.Web/sites/app-test2-eastus",
            "identity": [],
            "key_vault_reference_identity_id": "SystemAssigned",
            "kind": "app",
            "location": "eastus",
            "logs": [
              {
                "application_logs": [
                  {
                    "azure_blob_storage": [],
                    "file_system_level": "Information"
                  }
                ],
                "detailed_error_messages": false,
                "failed_request_tracing": false,
                "http_logs": []
              }
            ],
            "name": "app-test2-eastus",
            "outbound_ip_address_list": [
              "20.81.83.0",
              "20.119.109.174",
              "20.119.109.198",
              "20.119.109.205",
              "20.119.109.207",
              "20.119.109.228",
              "20.119.16.26"
            ],
            "outbound_ip_addresses": "20.81.83.0,20.119.109.174,20.119.109.198,20.119.109.205,20.119.109.207,20.119.109.228,20.119.16.26",
            "possible_outbound_ip_address_list": [
              "20.81.83.0",
              "20.119.109.174",
              "20.119.109.198",
              "20.119.109.205",
              "20.119.109.207",
              "20.119.109.228",
              "20.119.110.26",
              "20.119.110.64",
              "20.119.110.146",
              "20.119.110.167",
              "20.119.110.190",
              "20.119.110.194",
              "20.119.110.216",
              "20.119.110.232",
              "20.119.110.250",
              "20.119.110.252",
              "20.119.111.47",
              "20.232.64.52",
              "20.232.64.60",
              "20.232.64.81",
              "20.232.64.146",
              "20.232.64.148",
              "20.232.64.176",
              "20.232.64.230",
              "20.232.65.3",
              "20.232.65.87",
              "20.232.65.150",
              "20.232.65.161",
              "20.232.65.164",
              "20.232.65.166",
              "20.119.16.26"
            ],
            "possible_outbound_ip_addresses": "20.81.83.0,20.119.109.174,20.119.109.198,20.119.109.205,20.119.109.207,20.119.109.228,20.119.110.26,20.119.110.64,20.119.110.146,20.119.110.167,20.119.110.190,20.119.110.194,20.119.110.216,20.119.110.232,20.119.110.250,20.119.110.252,20.119.111.47,20.232.64.52,20.232.64.60,20.232.64.81,20.232.64.146,20.232.64.148,20.232.64.176,20.232.64.230,20.232.65.3,20.232.65.87,20.232.65.150,20.232.65.161,20.232.65.164,20.232.65.166,20.119.16.26",
            "resource_group_name": "rg-priyankadget",
            "service_plan_id": "/subscriptions/1988e0e4-7595-4e9a-91cb-242d277198f0/resourceGroups/rg-TR/providers/Microsoft.Web/serverfarms/ASP-rgTR-ba2d",
            "site_config": [
              {
                "always_on": false,
                "api_definition_url": "",
                "api_management_api_id": "",
                "app_command_line": "",
                "application_stack": [
                  {
                    "current_stack": "dotnet",
                    "docker_container_name": "",
                    "docker_container_registry": "",
                    "docker_container_tag": "",
                    "dotnet_core_version": "",
                    "dotnet_version": "v6.0",
                    "java_container": "",
                    "java_container_version": "",
                    "java_embedded_server_enabled": false,
                    "java_version": "",
                    "node_version": "",
                    "php_version": "Off",
                    "python": false,
                    "python_version": "",
                    "tomcat_version": ""
                  }
                ],
                "auto_heal_enabled": false,
                "auto_heal_setting": [],
                "container_registry_managed_identity_client_id": "",
                "container_registry_use_managed_identity": false,
                "cors": [],
                "default_documents": [
                  "Default.htm",
                  "Default.html",
                  "Default.asp",
                  "index.htm",
                  "index.html",
                  "iisstart.htm",
                  "default.aspx",
                  "index.php",
                  "hostingstart.html"
                ],
                "detailed_error_logging_enabled": false,
                "ftps_state": "FtpsOnly",
                "health_check_eviction_time_in_min": 0,
                "health_check_path": "",
                "http2_enabled": false,
                "ip_restriction": [],
                "linux_fx_version": "",
                "load_balancing_mode": "LeastRequests",
                "local_mysql_enabled": false,
                "managed_pipeline_mode": "Integrated",
                "minimum_tls_version": "1.2",
                "remote_debugging_enabled": false,
                "remote_debugging_version": "",
                "scm_ip_restriction": [],
                "scm_minimum_tls_version": "1.2",
                "scm_type": "None",
                "scm_use_main_ip_restriction": false,
                "use_32_bit_worker": true,
                "virtual_application": [
                  {
                    "physical_path": "site\\wwwroot",
                    "preload": false,
                    "virtual_directory": [],
                    "virtual_path": "/"
                  }
                ],
                "vnet_route_all_enabled": false,
                "websockets_enabled": false,
                "windows_fx_version": "",
                "worker_count": 1
              }
            ],
            "site_credential": [
              {
                "name": "$app-test2-eastus",
                "password": "Au4xRMtylLMtltenpiotRJ89S3fAWQTiY1hpNmBlzaF5BKWn6MjvgXHZLRz9"
              }
            ],
            "sticky_settings": [],
            "storage_account": [],
            "tags": {},
            "timeouts": null,
            "virtual_network_subnet_id": "",
            "zip_deploy_file": ""
          },
          "sensitive_attributes": [],
          "private": "eyJlMmJmYjczMC1lY2FhLTExZTYtOGY4OC0zNDM2M2JjN2M0YzAiOnsiY3JlYXRlIjoxODAwMDAwMDAwMDAwLCJkZWxldGUiOjE4MDAwMDAwMDAwMDAsInJlYWQiOjMwMDAwMDAwMDAwMCwidXBkYXRlIjoxODAwMDAwMDAwMDAwfSwic2NoZW1hX3ZlcnNpb24iOiIwIn0="
        }
      ]
    }
  ],
  "check_results": null
}
